
Microsoft Visual Studio Solution File, Format Version 12.00
# Visual Studio 14
VisualStudioVersion = 14.0.25420.1
MinimumVisualStudioVersion = 10.0.40219.1
Project("{FAE04EC0-301F-11D3-BF4B-00C04F79EFBC}") = "WebBrowserApp", "WebBrowserApp\WebBrowserApp.csproj", "{4FD4D012-0607-4602-B38D-6745C2A1AB88}"
EndProject
Global
	GlobalSection(SolutionConfigurationPlatforms) = preSolution
		Debug|Any CPU = Debug|Any CPU
		Release|Any CPU = Release|Any CPU
	EndGlobalSection
	GlobalSection(ProjectConfigurationPlatforms) = postSolution
		{4FD4D012-0607-4602-B38D-6745C2A1AB88}.Debug|Any CPU.ActiveCfg = Debug|Any CPU
		{4FD4D012-0607-4602-B38D-6745C2A1AB88}.Debug|Any CPU.Build.0 = Debug|Any CPU
		{4FD4D012-0607-4602-B38D-6745C2A1AB88}.Release|Any CPU.ActiveCfg = Release|Any CPU
		{4FD4D012-0607-4602-B38D-6745C2A1AB88}.Release|Any CPU.Build.0 = Release|Any CPU
	EndGlobalSection
	GlobalSection(SolutionProperties) = preSolution
		HideSolutionNode = FALSE
	EndGlobalSection
EndGlobal
