
Microsoft Visual Studio Solution File, Format Version 12.00
# Visual Studio Version 16
VisualStudioVersion = 16.0.29123.88
MinimumVisualStudioVersion = 10.0.40219.1
Project("{8BC9CEB8-8B4A-11D0-8D11-00A0C91BC942}") = "LinkedListReverse", "LinkedListReverse.vcxproj", "{9ED4B356-A20D-42F5-A81D-D4DDBD5A5001}"
EndProject
Global
	GlobalSection(SolutionConfigurationPlatforms) = preSolution
		Debug|x64 = Debug|x64
		Debug|x86 = Debug|x86
		Release|x64 = Release|x64
		Release|x86 = Release|x86
	EndGlobalSection
	GlobalSection(ProjectConfigurationPlatforms) = postSolution
		{9ED4B356-A20D-42F5-A81D-D4DDBD5A5001}.Debug|x64.ActiveCfg = Debug|x64
		{9ED4B356-A20D-42F5-A81D-D4DDBD5A5001}.Debug|x64.Build.0 = Debug|x64
		{9ED4B356-A20D-42F5-A81D-D4DDBD5A5001}.Debug|x86.ActiveCfg = Debug|Win32
		{9ED4B356-A20D-42F5-A81D-D4DDBD5A5001}.Debug|x86.Build.0 = Debug|Win32
		{9ED4B356-A20D-42F5-A81D-D4DDBD5A5001}.Release|x64.ActiveCfg = Release|x64
		{9ED4B356-A20D-42F5-A81D-D4DDBD5A5001}.Release|x64.Build.0 = Release|x64
		{9ED4B356-A20D-42F5-A81D-D4DDBD5A5001}.Release|x86.ActiveCfg = Release|Win32
		{9ED4B356-A20D-42F5-A81D-D4DDBD5A5001}.Release|x86.Build.0 = Release|Win32
	EndGlobalSection
	GlobalSection(SolutionProperties) = preSolution
		HideSolutionNode = FALSE
	EndGlobalSection
	GlobalSection(ExtensibilityGlobals) = postSolution
		SolutionGuid = {6516BA72-1266-4C42-BAAE-9EB042C1204A}
	EndGlobalSection
EndGlobal
